
Microsoft Visual Studio Solution File, Format Version 12.00
# Visual Studio Version 17
VisualStudioVersion = 17.9.34622.214
MinimumVisualStudioVersion = 10.0.40219.1
Project("{2150E333-8FDC-42A3-9474-1A3956D46DE8}") = "src", "src", "{BE4A5ED8-D95A-41FC-A0E1-2A2365C072D9}"
EndProject
Project("{2150E333-8FDC-42A3-9474-1A3956D46DE8}") = "Presentation", "Presentation", "{E4FA07E7-53A7-4859-B89D-FE40E0E367D9}"
EndProject
Project("{9A19103F-16F7-4668-BE54-9A1E7A4F7556}") = "Controllers", "Controllers\Controllers.csproj", "{DA612C70-E8B5-4846-A323-1D1AE649D78E}"
EndProject
Project("{2150E333-8FDC-42A3-9474-1A3956D46DE8}") = "Application", "Application", "{EFF221CF-68BD-48FB-A622-EE930A839FD3}"
EndProject
Project("{9A19103F-16F7-4668-BE54-9A1E7A4F7556}") = "Interfaces", "Interfaces\Interfaces.csproj", "{D548BBAB-8A65-47CE-8379-D6CE213A60C6}"
EndProject
Project("{2150E333-8FDC-42A3-9474-1A3956D46DE8}") = "Domain", "Domain", "{4B59E54D-3DA4-48CC-B79C-916263C31E72}"
EndProject
Project("{9A19103F-16F7-4668-BE54-9A1E7A4F7556}") = "Models", "Models\Models.csproj", "{FC2DE3C9-603F-4CBA-AED3-0EDDE9105C3F}"
EndProject
Project("{2150E333-8FDC-42A3-9474-1A3956D46DE8}") = "Infrastructure", "Infrastructure", "{813646FB-48AC-4A34-8667-648C1BA1358E}"
EndProject
Project("{9A19103F-16F7-4668-BE54-9A1E7A4F7556}") = "Services", "Services\Services.csproj", "{03DA9991-13CB-4CC8-A33F-BE225DF9F208}"
EndProject
Project("{2150E333-8FDC-42A3-9474-1A3956D46DE8}") = "Common", "Common", "{DCE402F9-DC57-40F2-A9FC-34634425A22C}"
EndProject
Project("{9A19103F-16F7-4668-BE54-9A1E7A4F7556}") = "MCSMqttBus", "MCSMqttBus\MCSMqttBus.csproj", "{42B53FA8-0C16-4887-8E2E-E748EA15451A}"
EndProject
Project("{2150E333-8FDC-42A3-9474-1A3956D46DE8}") = "Git", "Git", "{DA09C772-A9C3-4799-8956-1E00611D24BF}"
	ProjectSection(SolutionItems) = preProject
		.gitignore = .gitignore
	EndProjectSection
EndProject
Global
	GlobalSection(SolutionConfigurationPlatforms) = preSolution
		Debug|Any CPU = Debug|Any CPU
		Release|Any CPU = Release|Any CPU
	EndGlobalSection
	GlobalSection(ProjectConfigurationPlatforms) = postSolution
		{DA612C70-E8B5-4846-A323-1D1AE649D78E}.Debug|Any CPU.ActiveCfg = Debug|Any CPU
		{DA612C70-E8B5-4846-A323-1D1AE649D78E}.Debug|Any CPU.Build.0 = Debug|Any CPU
		{DA612C70-E8B5-4846-A323-1D1AE649D78E}.Release|Any CPU.ActiveCfg = Release|Any CPU
		{DA612C70-E8B5-4846-A323-1D1AE649D78E}.Release|Any CPU.Build.0 = Release|Any CPU
		{D548BBAB-8A65-47CE-8379-D6CE213A60C6}.Debug|Any CPU.ActiveCfg = Debug|Any CPU
		{D548BBAB-8A65-47CE-8379-D6CE213A60C6}.Debug|Any CPU.Build.0 = Debug|Any CPU
		{D548BBAB-8A65-47CE-8379-D6CE213A60C6}.Release|Any CPU.ActiveCfg = Release|Any CPU
		{D548BBAB-8A65-47CE-8379-D6CE213A60C6}.Release|Any CPU.Build.0 = Release|Any CPU
		{FC2DE3C9-603F-4CBA-AED3-0EDDE9105C3F}.Debug|Any CPU.ActiveCfg = Debug|Any CPU
		{FC2DE3C9-603F-4CBA-AED3-0EDDE9105C3F}.Debug|Any CPU.Build.0 = Debug|Any CPU
		{FC2DE3C9-603F-4CBA-AED3-0EDDE9105C3F}.Release|Any CPU.ActiveCfg = Release|Any CPU
		{FC2DE3C9-603F-4CBA-AED3-0EDDE9105C3F}.Release|Any CPU.Build.0 = Release|Any CPU
		{03DA9991-13CB-4CC8-A33F-BE225DF9F208}.Debug|Any CPU.ActiveCfg = Debug|Any CPU
		{03DA9991-13CB-4CC8-A33F-BE225DF9F208}.Debug|Any CPU.Build.0 = Debug|Any CPU
		{03DA9991-13CB-4CC8-A33F-BE225DF9F208}.Release|Any CPU.ActiveCfg = Release|Any CPU
		{03DA9991-13CB-4CC8-A33F-BE225DF9F208}.Release|Any CPU.Build.0 = Release|Any CPU
		{42B53FA8-0C16-4887-8E2E-E748EA15451A}.Debug|Any CPU.ActiveCfg = Debug|Any CPU
		{42B53FA8-0C16-4887-8E2E-E748EA15451A}.Debug|Any CPU.Build.0 = Debug|Any CPU
		{42B53FA8-0C16-4887-8E2E-E748EA15451A}.Release|Any CPU.ActiveCfg = Release|Any CPU
		{42B53FA8-0C16-4887-8E2E-E748EA15451A}.Release|Any CPU.Build.0 = Release|Any CPU
	EndGlobalSection
	GlobalSection(SolutionProperties) = preSolution
		HideSolutionNode = FALSE
	EndGlobalSection
	GlobalSection(NestedProjects) = preSolution
		{E4FA07E7-53A7-4859-B89D-FE40E0E367D9} = {BE4A5ED8-D95A-41FC-A0E1-2A2365C072D9}
		{DA612C70-E8B5-4846-A323-1D1AE649D78E} = {E4FA07E7-53A7-4859-B89D-FE40E0E367D9}
		{EFF221CF-68BD-48FB-A622-EE930A839FD3} = {BE4A5ED8-D95A-41FC-A0E1-2A2365C072D9}
		{D548BBAB-8A65-47CE-8379-D6CE213A60C6} = {EFF221CF-68BD-48FB-A622-EE930A839FD3}
		{4B59E54D-3DA4-48CC-B79C-916263C31E72} = {BE4A5ED8-D95A-41FC-A0E1-2A2365C072D9}
		{FC2DE3C9-603F-4CBA-AED3-0EDDE9105C3F} = {4B59E54D-3DA4-48CC-B79C-916263C31E72}
		{813646FB-48AC-4A34-8667-648C1BA1358E} = {BE4A5ED8-D95A-41FC-A0E1-2A2365C072D9}
		{03DA9991-13CB-4CC8-A33F-BE225DF9F208} = {813646FB-48AC-4A34-8667-648C1BA1358E}
		{DCE402F9-DC57-40F2-A9FC-34634425A22C} = {BE4A5ED8-D95A-41FC-A0E1-2A2365C072D9}
		{42B53FA8-0C16-4887-8E2E-E748EA15451A} = {DCE402F9-DC57-40F2-A9FC-34634425A22C}
	EndGlobalSection
	GlobalSection(ExtensibilityGlobals) = postSolution
		SolutionGuid = {A86AF424-97DA-406E-B059-A91791F632B0}
	EndGlobalSection
EndGlobal
